
Microsoft Visual Studio Solution File, Format Version 12.00
# Visual Studio Version 17
VisualStudioVersion = 17.3.32929.385
MinimumVisualStudioVersion = 10.0.40219.1
Project("{9A19103F-16F7-4668-BE54-9A1E7A4F7556}") = "ShareReview.Web", "ShareReview.Web\ShareReview.Web.csproj", "{AD1441E4-C52F-43F8-91CD-420061A0BAFD}"
EndProject
Project("{9A19103F-16F7-4668-BE54-9A1E7A4F7556}") = "ShareReview.Services", "ShareReview.Services\ShareReview.Services.csproj", "{3D4D4FBC-675E-4A31-9C4C-777B4D6CFFC7}"
EndProject
Project("{9A19103F-16F7-4668-BE54-9A1E7A4F7556}") = "ShareReview.Models", "ShareReview.Models\ShareReview.Models.csproj", "{B2244925-9828-42C8-ACD9-1DD1DA928922}"
EndProject
Project("{9A19103F-16F7-4668-BE54-9A1E7A4F7556}") = "ShareReview.Data", "ShareReview.Data\ShareReview.Data.csproj", "{FA1275FB-DC52-4372-BE3D-77F2B6F00BF9}"
EndProject
Project("{FAE04EC0-301F-11D3-BF4B-00C04F79EFBC}") = "ShareReview.Contracts", "ShareReview.Contracts\ShareReview.Contracts.csproj", "{D43101B3-9406-461F-AF8A-031D68AC9A5D}"
EndProject
Global
	GlobalSection(SolutionConfigurationPlatforms) = preSolution
		Debug|Any CPU = Debug|Any CPU
		Release|Any CPU = Release|Any CPU
	EndGlobalSection
	GlobalSection(ProjectConfigurationPlatforms) = postSolution
		{AD1441E4-C52F-43F8-91CD-420061A0BAFD}.Debug|Any CPU.ActiveCfg = Debug|Any CPU
		{AD1441E4-C52F-43F8-91CD-420061A0BAFD}.Debug|Any CPU.Build.0 = Debug|Any CPU
		{AD1441E4-C52F-43F8-91CD-420061A0BAFD}.Release|Any CPU.ActiveCfg = Release|Any CPU
		{AD1441E4-C52F-43F8-91CD-420061A0BAFD}.Release|Any CPU.Build.0 = Release|Any CPU
		{3D4D4FBC-675E-4A31-9C4C-777B4D6CFFC7}.Debug|Any CPU.ActiveCfg = Debug|Any CPU
		{3D4D4FBC-675E-4A31-9C4C-777B4D6CFFC7}.Debug|Any CPU.Build.0 = Debug|Any CPU
		{3D4D4FBC-675E-4A31-9C4C-777B4D6CFFC7}.Release|Any CPU.ActiveCfg = Release|Any CPU
		{3D4D4FBC-675E-4A31-9C4C-777B4D6CFFC7}.Release|Any CPU.Build.0 = Release|Any CPU
		{B2244925-9828-42C8-ACD9-1DD1DA928922}.Debug|Any CPU.ActiveCfg = Debug|Any CPU
		{B2244925-9828-42C8-ACD9-1DD1DA928922}.Debug|Any CPU.Build.0 = Debug|Any CPU
		{B2244925-9828-42C8-ACD9-1DD1DA928922}.Release|Any CPU.ActiveCfg = Release|Any CPU
		{B2244925-9828-42C8-ACD9-1DD1DA928922}.Release|Any CPU.Build.0 = Release|Any CPU
		{FA1275FB-DC52-4372-BE3D-77F2B6F00BF9}.Debug|Any CPU.ActiveCfg = Debug|Any CPU
		{FA1275FB-DC52-4372-BE3D-77F2B6F00BF9}.Debug|Any CPU.Build.0 = Debug|Any CPU
		{FA1275FB-DC52-4372-BE3D-77F2B6F00BF9}.Release|Any CPU.ActiveCfg = Release|Any CPU
		{FA1275FB-DC52-4372-BE3D-77F2B6F00BF9}.Release|Any CPU.Build.0 = Release|Any CPU
		{D43101B3-9406-461F-AF8A-031D68AC9A5D}.Debug|Any CPU.ActiveCfg = Debug|Any CPU
		{D43101B3-9406-461F-AF8A-031D68AC9A5D}.Debug|Any CPU.Build.0 = Debug|Any CPU
		{D43101B3-9406-461F-AF8A-031D68AC9A5D}.Release|Any CPU.ActiveCfg = Release|Any CPU
		{D43101B3-9406-461F-AF8A-031D68AC9A5D}.Release|Any CPU.Build.0 = Release|Any CPU
	EndGlobalSection
	GlobalSection(SolutionProperties) = preSolution
		HideSolutionNode = FALSE
	EndGlobalSection
	GlobalSection(ExtensibilityGlobals) = postSolution
		SolutionGuid = {9E6BD6A7-A627-42D2-A99E-2ED88E0D9BCB}
	EndGlobalSection
EndGlobal
